
Microsoft Visual Studio Solution File, Format Version 12.00
# Visual Studio Version 16
VisualStudioVersion = 16.0.29709.97
MinimumVisualStudioVersion = 10.0.40219.1
Project("{9A19103F-16F7-4668-BE54-9A1E7A4F7556}") = "DataConect", "DataConect\DataConect.csproj", "{76EA3AE8-6729-4782-A8C2-9D5D3BDED73F}"
EndProject
Project("{9A19103F-16F7-4668-BE54-9A1E7A4F7556}") = "Behavior", "Behavior\Behavior.csproj", "{374CCF79-9CB0-4002-BA7F-F53FC026B69C}"
EndProject
Project("{9A19103F-16F7-4668-BE54-9A1E7A4F7556}") = "PruebaTecnica", "PruebaTecnica\PruebaTecnica.csproj", "{546E17D6-81F2-4CBE-BA3C-D4D0447A74D6}"
EndProject
Global
	GlobalSection(SolutionConfigurationPlatforms) = preSolution
		Debug|Any CPU = Debug|Any CPU
		Release|Any CPU = Release|Any CPU
	EndGlobalSection
	GlobalSection(ProjectConfigurationPlatforms) = postSolution
		{76EA3AE8-6729-4782-A8C2-9D5D3BDED73F}.Debug|Any CPU.ActiveCfg = Debug|Any CPU
		{76EA3AE8-6729-4782-A8C2-9D5D3BDED73F}.Debug|Any CPU.Build.0 = Debug|Any CPU
		{76EA3AE8-6729-4782-A8C2-9D5D3BDED73F}.Release|Any CPU.ActiveCfg = Release|Any CPU
		{76EA3AE8-6729-4782-A8C2-9D5D3BDED73F}.Release|Any CPU.Build.0 = Release|Any CPU
		{374CCF79-9CB0-4002-BA7F-F53FC026B69C}.Debug|Any CPU.ActiveCfg = Debug|Any CPU
		{374CCF79-9CB0-4002-BA7F-F53FC026B69C}.Debug|Any CPU.Build.0 = Debug|Any CPU
		{374CCF79-9CB0-4002-BA7F-F53FC026B69C}.Release|Any CPU.ActiveCfg = Release|Any CPU
		{374CCF79-9CB0-4002-BA7F-F53FC026B69C}.Release|Any CPU.Build.0 = Release|Any CPU
		{546E17D6-81F2-4CBE-BA3C-D4D0447A74D6}.Debug|Any CPU.ActiveCfg = Debug|Any CPU
		{546E17D6-81F2-4CBE-BA3C-D4D0447A74D6}.Debug|Any CPU.Build.0 = Debug|Any CPU
		{546E17D6-81F2-4CBE-BA3C-D4D0447A74D6}.Release|Any CPU.ActiveCfg = Release|Any CPU
		{546E17D6-81F2-4CBE-BA3C-D4D0447A74D6}.Release|Any CPU.Build.0 = Release|Any CPU
	EndGlobalSection
	GlobalSection(SolutionProperties) = preSolution
		HideSolutionNode = FALSE
	EndGlobalSection
	GlobalSection(ExtensibilityGlobals) = postSolution
		SolutionGuid = {43E34E8B-79FD-40CE-BD02-FBA7AAFBEDB5}
	EndGlobalSection
EndGlobal
